// !$*UTF8*$!
{
	archiveVersion = 1;
	classes = {
	};
	objectVersion = 55;
	objects = {

/* Begin PBXBuildFile section */
		10933B16DE353C6D211FDCB3 /* Pods_DietAppTests.framework in Frameworks */ = {isa = PBXBuildFile; fileRef = D807061C2EDC6DDA9693451C /* Pods_DietAppTests.framework */; };
		28FEC79EA2A87BC01F1C679F /* Pods_DietApp_DietAppUITests.framework in Frameworks */ = {isa = PBXBuildFile; fileRef = A0B35940D0BF33F93F87E369 /* Pods_DietApp_DietAppUITests.framework */; };
		60A4C6E95A42A5E6FBC4EC82 /* Pods_DietApp.framework in Frameworks */ = {isa = PBXBuildFile; fileRef = 71B7CEEB90849C4649195C6F /* Pods_DietApp.framework */; };
		FA0F9ECF2A2F0DEC00C7E888 /* GraphPageViewController.swift in Sources */ = {isa = PBXBuildFile; fileRef = FA0F9ECE2A2F0DEC00C7E888 /* GraphPageViewController.swift */; };
		FA0F9ED12A3016D100C7E888 /* UITabBarController+Orientation.swift in Sources */ = {isa = PBXBuildFile; fileRef = FA0F9ED02A3016D100C7E888 /* UITabBarController+Orientation.swift */; };
		FA11122C2A5923F6007353EA /* IndexSetting.swift in Sources */ = {isa = PBXBuildFile; fileRef = FA11122B2A5923F6007353EA /* IndexSetting.swift */; };
		FA11122E2A592745007353EA /* Direction.swift in Sources */ = {isa = PBXBuildFile; fileRef = FA11122D2A592745007353EA /* Direction.swift */; };
		FA11879E2A22D2A5004577F8 /* PhotoTableViewCell.swift in Sources */ = {isa = PBXBuildFile; fileRef = FA11879C2A22D2A5004577F8 /* PhotoTableViewCell.swift */; };
		FA11879F2A22D2A5004577F8 /* PhotoTableViewCell.xib in Resources */ = {isa = PBXBuildFile; fileRef = FA11879D2A22D2A5004577F8 /* PhotoTableViewCell.xib */; };
		FA1187A22A22F652004577F8 /* AdTableViewCell.swift in Sources */ = {isa = PBXBuildFile; fileRef = FA1187A02A22F652004577F8 /* AdTableViewCell.swift */; };
		FA1187A32A22F652004577F8 /* AdTableViewCell.xib in Resources */ = {isa = PBXBuildFile; fileRef = FA1187A12A22F652004577F8 /* AdTableViewCell.xib */; };
		FA3142702A41671900254D60 /* TopNavigationController.swift in Sources */ = {isa = PBXBuildFile; fileRef = FA31426F2A41671900254D60 /* TopNavigationController.swift */; };
		FA3142722A418E9B00254D60 /* NavigationController+Orientation.swift in Sources */ = {isa = PBXBuildFile; fileRef = FA3142712A418E9B00254D60 /* NavigationController+Orientation.swift */; };
		FA3142742A4194F300254D60 /* GraphNavigationController.swift in Sources */ = {isa = PBXBuildFile; fileRef = FA3142732A4194F300254D60 /* GraphNavigationController.swift */; };
		FA32F4B62A32BCF50058FD32 /* SettingsView.xib in Resources */ = {isa = PBXBuildFile; fileRef = FA32F4B52A32BCF50058FD32 /* SettingsView.xib */; };
		FA32F4B82A32BD130058FD32 /* SettingsView.swift in Sources */ = {isa = PBXBuildFile; fileRef = FA32F4B72A32BD130058FD32 /* SettingsView.swift */; };
		FA32F4C42A32BFCF0058FD32 /* NotificationTableViewCell.swift in Sources */ = {isa = PBXBuildFile; fileRef = FA32F4C22A32BFCF0058FD32 /* NotificationTableViewCell.swift */; };
		FA32F4C52A32BFCF0058FD32 /* NotificationTableViewCell.xib in Resources */ = {isa = PBXBuildFile; fileRef = FA32F4C32A32BFCF0058FD32 /* NotificationTableViewCell.xib */; };
		FA32F4C82A32C0900058FD32 /* ThemeColorTableViewCell.swift in Sources */ = {isa = PBXBuildFile; fileRef = FA32F4C62A32C0900058FD32 /* ThemeColorTableViewCell.swift */; };
		FA32F4C92A32C0900058FD32 /* ThemeColorTableViewCell.xib in Resources */ = {isa = PBXBuildFile; fileRef = FA32F4C72A32C0900058FD32 /* ThemeColorTableViewCell.xib */; };
		FA417BC02A5C428E00B53A0F /* DateDataRealmSearcher.swift in Sources */ = {isa = PBXBuildFile; fileRef = FA417BBF2A5C428E00B53A0F /* DateDataRealmSearcher.swift */; };
		FA41A2EC2A1C84CE008DC83E /* TopViewController.swift in Sources */ = {isa = PBXBuildFile; fileRef = FA41A2EB2A1C84CE008DC83E /* TopViewController.swift */; };
		FA41A2EE2A1C8531008DC83E /* TopPageViewController.swift in Sources */ = {isa = PBXBuildFile; fileRef = FA41A2ED2A1C8531008DC83E /* TopPageViewController.swift */; };
		FA41A2F02A1C861E008DC83E /* TabBarController.swift in Sources */ = {isa = PBXBuildFile; fileRef = FA41A2EF2A1C861E008DC83E /* TabBarController.swift */; };
		FA41A2F22A1C8734008DC83E /* GraphViewController.swift in Sources */ = {isa = PBXBuildFile; fileRef = FA41A2F12A1C8734008DC83E /* GraphViewController.swift */; };
		FA41A2F42A1C877E008DC83E /* SettingsViewController.swift in Sources */ = {isa = PBXBuildFile; fileRef = FA41A2F32A1C877E008DC83E /* SettingsViewController.swift */; };
		FA68AF212A135F6F00B69D4A /* AppDelegate.swift in Sources */ = {isa = PBXBuildFile; fileRef = FA68AF202A135F6F00B69D4A /* AppDelegate.swift */; };
		FA68AF232A135F6F00B69D4A /* SceneDelegate.swift in Sources */ = {isa = PBXBuildFile; fileRef = FA68AF222A135F6F00B69D4A /* SceneDelegate.swift */; };
		FA68AF282A135F6F00B69D4A /* Main.storyboard in Resources */ = {isa = PBXBuildFile; fileRef = FA68AF262A135F6F00B69D4A /* Main.storyboard */; };
		FA68AF2A2A135F7100B69D4A /* Assets.xcassets in Resources */ = {isa = PBXBuildFile; fileRef = FA68AF292A135F7100B69D4A /* Assets.xcassets */; };
		FA68AF2D2A135F7100B69D4A /* LaunchScreen.storyboard in Resources */ = {isa = PBXBuildFile; fileRef = FA68AF2B2A135F7100B69D4A /* LaunchScreen.storyboard */; };
		FA68AF382A135F7200B69D4A /* DietAppTests.swift in Sources */ = {isa = PBXBuildFile; fileRef = FA68AF372A135F7200B69D4A /* DietAppTests.swift */; };
		FA68AF422A135F7200B69D4A /* DietAppUITests.swift in Sources */ = {isa = PBXBuildFile; fileRef = FA68AF412A135F7200B69D4A /* DietAppUITests.swift */; };
		FA68AF442A135F7200B69D4A /* DietAppUITestsLaunchTests.swift in Sources */ = {isa = PBXBuildFile; fileRef = FA68AF432A135F7200B69D4A /* DietAppUITestsLaunchTests.swift */; };
		FABF36082A283CD0007D91DB /* GraphView.swift in Sources */ = {isa = PBXBuildFile; fileRef = FABF36072A283CD0007D91DB /* GraphView.swift */; };
		FABF360A2A283CFF007D91DB /* GraphView.xib in Resources */ = {isa = PBXBuildFile; fileRef = FABF36092A283CFF007D91DB /* GraphView.xib */; };
		FAF1BB0F2A4D92FA00EFD25F /* DateData.swift in Sources */ = {isa = PBXBuildFile; fileRef = FAF1BB0E2A4D92FA00EFD25F /* DateData.swift */; };
		FAFF6F532A2055430092A1A3 /* TopView.swift in Sources */ = {isa = PBXBuildFile; fileRef = FAFF6F522A2055430092A1A3 /* TopView.swift */; };
		FAFF6F552A2055590092A1A3 /* TopView.xib in Resources */ = {isa = PBXBuildFile; fileRef = FAFF6F542A2055590092A1A3 /* TopView.xib */; };
		FAFF6F592A21ACE40092A1A3 /* WeightTableViewCell.swift in Sources */ = {isa = PBXBuildFile; fileRef = FAFF6F572A21ACE40092A1A3 /* WeightTableViewCell.swift */; };
		FAFF6F5A2A21ACE40092A1A3 /* WeightTableViewCell.xib in Resources */ = {isa = PBXBuildFile; fileRef = FAFF6F582A21ACE40092A1A3 /* WeightTableViewCell.xib */; };
		FAFF6F602A21C60F0092A1A3 /* MemoTableViewCell.swift in Sources */ = {isa = PBXBuildFile; fileRef = FAFF6F5E2A21C60F0092A1A3 /* MemoTableViewCell.swift */; };
		FAFF6F612A21C60F0092A1A3 /* MemoTableViewCell.xib in Resources */ = {isa = PBXBuildFile; fileRef = FAFF6F5F2A21C60F0092A1A3 /* MemoTableViewCell.xib */; };
/* End PBXBuildFile section */

/* Begin PBXContainerItemProxy section */
		FA68AF342A135F7200B69D4A /* PBXContainerItemProxy */ = {
			isa = PBXContainerItemProxy;
			containerPortal = FA68AF152A135F6F00B69D4A /* Project object */;
			proxyType = 1;
			remoteGlobalIDString = FA68AF1C2A135F6F00B69D4A;
			remoteInfo = DietApp;
		};
		FA68AF3E2A135F7200B69D4A /* PBXContainerItemProxy */ = {
			isa = PBXContainerItemProxy;
			containerPortal = FA68AF152A135F6F00B69D4A /* Project object */;
			proxyType = 1;
			remoteGlobalIDString = FA68AF1C2A135F6F00B69D4A;
			remoteInfo = DietApp;
		};
/* End PBXContainerItemProxy section */

/* Begin PBXFileReference section */
		3DB42A13C30DE329C875E251 /* Pods-DietApp-DietAppUITests.release.xcconfig */ = {isa = PBXFileReference; includeInIndex = 1; lastKnownFileType = text.xcconfig; name = "Pods-DietApp-DietAppUITests.release.xcconfig"; path = "Target Support Files/Pods-DietApp-DietAppUITests/Pods-DietApp-DietAppUITests.release.xcconfig"; sourceTree = "<group>"; };
		6E7BA4B15714D2DB7738BAF0 /* Pods-DietApp.debug.xcconfig */ = {isa = PBXFileReference; includeInIndex = 1; lastKnownFileType = text.xcconfig; name = "Pods-DietApp.debug.xcconfig"; path = "Target Support Files/Pods-DietApp/Pods-DietApp.debug.xcconfig"; sourceTree = "<group>"; };
		71B7CEEB90849C4649195C6F /* Pods_DietApp.framework */ = {isa = PBXFileReference; explicitFileType = wrapper.framework; includeInIndex = 0; path = Pods_DietApp.framework; sourceTree = BUILT_PRODUCTS_DIR; };
		9067F444D04BEC6337A2C712 /* Pods-DietApp-DietAppUITests.debug.xcconfig */ = {isa = PBXFileReference; includeInIndex = 1; lastKnownFileType = text.xcconfig; name = "Pods-DietApp-DietAppUITests.debug.xcconfig"; path = "Target Support Files/Pods-DietApp-DietAppUITests/Pods-DietApp-DietAppUITests.debug.xcconfig"; sourceTree = "<group>"; };
		A0B35940D0BF33F93F87E369 /* Pods_DietApp_DietAppUITests.framework */ = {isa = PBXFileReference; explicitFileType = wrapper.framework; includeInIndex = 0; path = Pods_DietApp_DietAppUITests.framework; sourceTree = BUILT_PRODUCTS_DIR; };
		A759D72DBDA9A76E25A5949B /* Pods-DietApp.release.xcconfig */ = {isa = PBXFileReference; includeInIndex = 1; lastKnownFileType = text.xcconfig; name = "Pods-DietApp.release.xcconfig"; path = "Target Support Files/Pods-DietApp/Pods-DietApp.release.xcconfig"; sourceTree = "<group>"; };
		D807061C2EDC6DDA9693451C /* Pods_DietAppTests.framework */ = {isa = PBXFileReference; explicitFileType = wrapper.framework; includeInIndex = 0; path = Pods_DietAppTests.framework; sourceTree = BUILT_PRODUCTS_DIR; };
		DB772DAE10CFF85B21588E86 /* Pods-DietAppTests.release.xcconfig */ = {isa = PBXFileReference; includeInIndex = 1; lastKnownFileType = text.xcconfig; name = "Pods-DietAppTests.release.xcconfig"; path = "Target Support Files/Pods-DietAppTests/Pods-DietAppTests.release.xcconfig"; sourceTree = "<group>"; };
		F33E63A5ACE3D0B165D13D9B /* Pods-DietAppTests.debug.xcconfig */ = {isa = PBXFileReference; includeInIndex = 1; lastKnownFileType = text.xcconfig; name = "Pods-DietAppTests.debug.xcconfig"; path = "Target Support Files/Pods-DietAppTests/Pods-DietAppTests.debug.xcconfig"; sourceTree = "<group>"; };
		FA0F9ECE2A2F0DEC00C7E888 /* GraphPageViewController.swift */ = {isa = PBXFileReference; lastKnownFileType = sourcecode.swift; path = GraphPageViewController.swift; sourceTree = "<group>"; };
		FA0F9ED02A3016D100C7E888 /* UITabBarController+Orientation.swift */ = {isa = PBXFileReference; lastKnownFileType = sourcecode.swift; path = "UITabBarController+Orientation.swift"; sourceTree = "<group>"; };
		FA11122B2A5923F6007353EA /* IndexSetting.swift */ = {isa = PBXFileReference; lastKnownFileType = sourcecode.swift; path = IndexSetting.swift; sourceTree = "<group>"; };
		FA11122D2A592745007353EA /* Direction.swift */ = {isa = PBXFileReference; lastKnownFileType = sourcecode.swift; path = Direction.swift; sourceTree = "<group>"; };
		FA11879C2A22D2A5004577F8 /* PhotoTableViewCell.swift */ = {isa = PBXFileReference; lastKnownFileType = sourcecode.swift; path = PhotoTableViewCell.swift; sourceTree = "<group>"; };
		FA11879D2A22D2A5004577F8 /* PhotoTableViewCell.xib */ = {isa = PBXFileReference; lastKnownFileType = file.xib; path = PhotoTableViewCell.xib; sourceTree = "<group>"; };
		FA1187A02A22F652004577F8 /* AdTableViewCell.swift */ = {isa = PBXFileReference; lastKnownFileType = sourcecode.swift; path = AdTableViewCell.swift; sourceTree = "<group>"; };
		FA1187A12A22F652004577F8 /* AdTableViewCell.xib */ = {isa = PBXFileReference; lastKnownFileType = file.xib; path = AdTableViewCell.xib; sourceTree = "<group>"; };
		FA31426F2A41671900254D60 /* TopNavigationController.swift */ = {isa = PBXFileReference; lastKnownFileType = sourcecode.swift; path = TopNavigationController.swift; sourceTree = "<group>"; };
		FA3142712A418E9B00254D60 /* NavigationController+Orientation.swift */ = {isa = PBXFileReference; lastKnownFileType = sourcecode.swift; path = "NavigationController+Orientation.swift"; sourceTree = "<group>"; };
		FA3142732A4194F300254D60 /* GraphNavigationController.swift */ = {isa = PBXFileReference; lastKnownFileType = sourcecode.swift; path = GraphNavigationController.swift; sourceTree = "<group>"; };
		FA32F4B52A32BCF50058FD32 /* SettingsView.xib */ = {isa = PBXFileReference; lastKnownFileType = file.xib; path = SettingsView.xib; sourceTree = "<group>"; };
		FA32F4B72A32BD130058FD32 /* SettingsView.swift */ = {isa = PBXFileReference; lastKnownFileType = sourcecode.swift; path = SettingsView.swift; sourceTree = "<group>"; };
		FA32F4C22A32BFCF0058FD32 /* NotificationTableViewCell.swift */ = {isa = PBXFileReference; lastKnownFileType = sourcecode.swift; path = NotificationTableViewCell.swift; sourceTree = "<group>"; };
		FA32F4C32A32BFCF0058FD32 /* NotificationTableViewCell.xib */ = {isa = PBXFileReference; lastKnownFileType = file.xib; path = NotificationTableViewCell.xib; sourceTree = "<group>"; };
		FA32F4C62A32C0900058FD32 /* ThemeColorTableViewCell.swift */ = {isa = PBXFileReference; lastKnownFileType = sourcecode.swift; path = ThemeColorTableViewCell.swift; sourceTree = "<group>"; };
		FA32F4C72A32C0900058FD32 /* ThemeColorTableViewCell.xib */ = {isa = PBXFileReference; lastKnownFileType = file.xib; path = ThemeColorTableViewCell.xib; sourceTree = "<group>"; };
		FA417BBF2A5C428E00B53A0F /* DateDataRealmSearcher.swift */ = {isa = PBXFileReference; lastKnownFileType = sourcecode.swift; path = DateDataRealmSearcher.swift; sourceTree = "<group>"; };
		FA41A2EB2A1C84CE008DC83E /* TopViewController.swift */ = {isa = PBXFileReference; lastKnownFileType = sourcecode.swift; path = TopViewController.swift; sourceTree = "<group>"; };
		FA41A2ED2A1C8531008DC83E /* TopPageViewController.swift */ = {isa = PBXFileReference; lastKnownFileType = sourcecode.swift; path = TopPageViewController.swift; sourceTree = "<group>"; };
		FA41A2EF2A1C861E008DC83E /* TabBarController.swift */ = {isa = PBXFileReference; lastKnownFileType = sourcecode.swift; path = TabBarController.swift; sourceTree = "<group>"; };
		FA41A2F12A1C8734008DC83E /* GraphViewController.swift */ = {isa = PBXFileReference; lastKnownFileType = sourcecode.swift; path = GraphViewController.swift; sourceTree = "<group>"; };
		FA41A2F32A1C877E008DC83E /* SettingsViewController.swift */ = {isa = PBXFileReference; lastKnownFileType = sourcecode.swift; path = SettingsViewController.swift; sourceTree = "<group>"; };
		FA68AF1D2A135F6F00B69D4A /* DietApp.app */ = {isa = PBXFileReference; explicitFileType = wrapper.application; includeInIndex = 0; path = DietApp.app; sourceTree = BUILT_PRODUCTS_DIR; };
		FA68AF202A135F6F00B69D4A /* AppDelegate.swift */ = {isa = PBXFileReference; lastKnownFileType = sourcecode.swift; path = AppDelegate.swift; sourceTree = "<group>"; };
		FA68AF222A135F6F00B69D4A /* SceneDelegate.swift */ = {isa = PBXFileReference; lastKnownFileType = sourcecode.swift; path = SceneDelegate.swift; sourceTree = "<group>"; };
		FA68AF272A135F6F00B69D4A /* Base */ = {isa = PBXFileReference; lastKnownFileType = file.storyboard; name = Base; path = Base.lproj/Main.storyboard; sourceTree = "<group>"; };
		FA68AF292A135F7100B69D4A /* Assets.xcassets */ = {isa = PBXFileReference; lastKnownFileType = folder.assetcatalog; path = Assets.xcassets; sourceTree = "<group>"; };
		FA68AF2C2A135F7100B69D4A /* Base */ = {isa = PBXFileReference; lastKnownFileType = file.storyboard; name = Base; path = Base.lproj/LaunchScreen.storyboard; sourceTree = "<group>"; };
		FA68AF2E2A135F7100B69D4A /* Info.plist */ = {isa = PBXFileReference; lastKnownFileType = text.plist.xml; path = Info.plist; sourceTree = "<group>"; };
		FA68AF332A135F7200B69D4A /* DietAppTests.xctest */ = {isa = PBXFileReference; explicitFileType = wrapper.cfbundle; includeInIndex = 0; path = DietAppTests.xctest; sourceTree = BUILT_PRODUCTS_DIR; };
		FA68AF372A135F7200B69D4A /* DietAppTests.swift */ = {isa = PBXFileReference; lastKnownFileType = sourcecode.swift; path = DietAppTests.swift; sourceTree = "<group>"; };
		FA68AF3D2A135F7200B69D4A /* DietAppUITests.xctest */ = {isa = PBXFileReference; explicitFileType = wrapper.cfbundle; includeInIndex = 0; path = DietAppUITests.xctest; sourceTree = BUILT_PRODUCTS_DIR; };
		FA68AF412A135F7200B69D4A /* DietAppUITests.swift */ = {isa = PBXFileReference; lastKnownFileType = sourcecode.swift; path = DietAppUITests.swift; sourceTree = "<group>"; };
		FA68AF432A135F7200B69D4A /* DietAppUITestsLaunchTests.swift */ = {isa = PBXFileReference; lastKnownFileType = sourcecode.swift; path = DietAppUITestsLaunchTests.swift; sourceTree = "<group>"; };
		FABF36072A283CD0007D91DB /* GraphView.swift */ = {isa = PBXFileReference; lastKnownFileType = sourcecode.swift; path = GraphView.swift; sourceTree = "<group>"; };
		FABF36092A283CFF007D91DB /* GraphView.xib */ = {isa = PBXFileReference; lastKnownFileType = file.xib; path = GraphView.xib; sourceTree = "<group>"; };
		FAF1BB0E2A4D92FA00EFD25F /* DateData.swift */ = {isa = PBXFileReference; lastKnownFileType = sourcecode.swift; path = DateData.swift; sourceTree = "<group>"; };
		FAFF6F522A2055430092A1A3 /* TopView.swift */ = {isa = PBXFileReference; lastKnownFileType = sourcecode.swift; path = TopView.swift; sourceTree = "<group>"; };
		FAFF6F542A2055590092A1A3 /* TopView.xib */ = {isa = PBXFileReference; lastKnownFileType = file.xib; path = TopView.xib; sourceTree = "<group>"; };
		FAFF6F572A21ACE40092A1A3 /* WeightTableViewCell.swift */ = {isa = PBXFileReference; lastKnownFileType = sourcecode.swift; path = WeightTableViewCell.swift; sourceTree = "<group>"; };
		FAFF6F582A21ACE40092A1A3 /* WeightTableViewCell.xib */ = {isa = PBXFileReference; lastKnownFileType = file.xib; path = WeightTableViewCell.xib; sourceTree = "<group>"; };
		FAFF6F5E2A21C60F0092A1A3 /* MemoTableViewCell.swift */ = {isa = PBXFileReference; lastKnownFileType = sourcecode.swift; path = MemoTableViewCell.swift; sourceTree = "<group>"; };
		FAFF6F5F2A21C60F0092A1A3 /* MemoTableViewCell.xib */ = {isa = PBXFileReference; lastKnownFileType = file.xib; path = MemoTableViewCell.xib; sourceTree = "<group>"; };
/* End PBXFileReference section */

/* Begin PBXFrameworksBuildPhase section */
		FA68AF1A2A135F6F00B69D4A /* Frameworks */ = {
			isa = PBXFrameworksBuildPhase;
			buildActionMask = 2147483647;
			files = (
				60A4C6E95A42A5E6FBC4EC82 /* Pods_DietApp.framework in Frameworks */,
			);
			runOnlyForDeploymentPostprocessing = 0;
		};
		FA68AF302A135F7200B69D4A /* Frameworks */ = {
			isa = PBXFrameworksBuildPhase;
			buildActionMask = 2147483647;
			files = (
				10933B16DE353C6D211FDCB3 /* Pods_DietAppTests.framework in Frameworks */,
			);
			runOnlyForDeploymentPostprocessing = 0;
		};
		FA68AF3A2A135F7200B69D4A /* Frameworks */ = {
			isa = PBXFrameworksBuildPhase;
			buildActionMask = 2147483647;
			files = (
				28FEC79EA2A87BC01F1C679F /* Pods_DietApp_DietAppUITests.framework in Frameworks */,
			);
			runOnlyForDeploymentPostprocessing = 0;
		};
/* End PBXFrameworksBuildPhase section */

/* Begin PBXGroup section */
		868533CA143429F6F9FD4225 /* Pods */ = {
			isa = PBXGroup;
			children = (
				6E7BA4B15714D2DB7738BAF0 /* Pods-DietApp.debug.xcconfig */,
				A759D72DBDA9A76E25A5949B /* Pods-DietApp.release.xcconfig */,
				9067F444D04BEC6337A2C712 /* Pods-DietApp-DietAppUITests.debug.xcconfig */,
				3DB42A13C30DE329C875E251 /* Pods-DietApp-DietAppUITests.release.xcconfig */,
				F33E63A5ACE3D0B165D13D9B /* Pods-DietAppTests.debug.xcconfig */,
				DB772DAE10CFF85B21588E86 /* Pods-DietAppTests.release.xcconfig */,
			);
			path = Pods;
			sourceTree = "<group>";
		};
		F3D814E1477CE54DE2C33AEB /* Frameworks */ = {
			isa = PBXGroup;
			children = (
				71B7CEEB90849C4649195C6F /* Pods_DietApp.framework */,
				A0B35940D0BF33F93F87E369 /* Pods_DietApp_DietAppUITests.framework */,
				D807061C2EDC6DDA9693451C /* Pods_DietAppTests.framework */,
			);
			name = Frameworks;
			sourceTree = "<group>";
		};
		FA11122F2A592952007353EA /* Enum */ = {
			isa = PBXGroup;
			children = (
				FA11122D2A592745007353EA /* Direction.swift */,
			);
			path = Enum;
			sourceTree = "<group>";
		};
		FA1112302A59296B007353EA /* Logic */ = {
			isa = PBXGroup;
			children = (
				FA11122B2A5923F6007353EA /* IndexSetting.swift */,
				FA417BBF2A5C428E00B53A0F /* DateDataRealmSearcher.swift */,
			);
			path = Logic;
			sourceTree = "<group>";
		};
		FA1112312A5929DA007353EA /* RealmObject */ = {
			isa = PBXGroup;
			children = (
				FAF1BB0E2A4D92FA00EFD25F /* DateData.swift */,
			);
			path = RealmObject;
			sourceTree = "<group>";
		};
		FA32F4B02A32BBAE0058FD32 /* SettingsPage */ = {
			isa = PBXGroup;
			children = (
				FA32F4B72A32BD130058FD32 /* SettingsView.swift */,
				FA32F4B52A32BCF50058FD32 /* SettingsView.xib */,
				FA32F4B92A32BE340058FD32 /* Cell */,
			);
			path = SettingsPage;
			sourceTree = "<group>";
		};
		FA32F4B92A32BE340058FD32 /* Cell */ = {
			isa = PBXGroup;
			children = (
				FA32F4C62A32C0900058FD32 /* ThemeColorTableViewCell.swift */,
				FA32F4C72A32C0900058FD32 /* ThemeColorTableViewCell.xib */,
				FA32F4C22A32BFCF0058FD32 /* NotificationTableViewCell.swift */,
				FA32F4C32A32BFCF0058FD32 /* NotificationTableViewCell.xib */,
			);
			path = Cell;
			sourceTree = "<group>";
		};
		FA41A2F52A1C8834008DC83E /* Model */ = {
			isa = PBXGroup;
			children = (
				FA11122F2A592952007353EA /* Enum */,
				FA1112302A59296B007353EA /* Logic */,
				FA1112312A5929DA007353EA /* RealmObject */,
			);
			path = Model;
			sourceTree = "<group>";
		};
		FA41A2F92A1C88B0008DC83E /* Controller */ = {
			isa = PBXGroup;
			children = (
				FA41A2EF2A1C861E008DC83E /* TabBarController.swift */,
				FA0F9ED02A3016D100C7E888 /* UITabBarController+Orientation.swift */,
				FA41A2FB2A1C8912008DC83E /* TopPage */,
				FA41A2FD2A1C8940008DC83E /* GraphPage */,
				FA41A2FE2A1C8973008DC83E /* SettingsPage */,
			);
			name = Controller;
			sourceTree = "<group>";
		};
		FA41A2FA2A1C88D5008DC83E /* View */ = {
			isa = PBXGroup;
			children = (
				FA68AF262A135F6F00B69D4A /* Main.storyboard */,
				FAFF6F562A2071C70092A1A3 /* TopPage */,
				FABF36042A283BCC007D91DB /* GraphPage */,
				FA32F4B02A32BBAE0058FD32 /* SettingsPage */,
			);
			path = View;
			sourceTree = "<group>";
		};
		FA41A2FB2A1C8912008DC83E /* TopPage */ = {
			isa = PBXGroup;
			children = (
				FA31426F2A41671900254D60 /* TopNavigationController.swift */,
				FA3142712A418E9B00254D60 /* NavigationController+Orientation.swift */,
				FA41A2ED2A1C8531008DC83E /* TopPageViewController.swift */,
				FA41A2EB2A1C84CE008DC83E /* TopViewController.swift */,
			);
			path = TopPage;
			sourceTree = "<group>";
		};
		FA41A2FD2A1C8940008DC83E /* GraphPage */ = {
			isa = PBXGroup;
			children = (
				FA3142732A4194F300254D60 /* GraphNavigationController.swift */,
				FA0F9ECE2A2F0DEC00C7E888 /* GraphPageViewController.swift */,
				FA41A2F12A1C8734008DC83E /* GraphViewController.swift */,
			);
			path = GraphPage;
			sourceTree = "<group>";
		};
		FA41A2FE2A1C8973008DC83E /* SettingsPage */ = {
			isa = PBXGroup;
			children = (
				FA41A2F32A1C877E008DC83E /* SettingsViewController.swift */,
			);
			path = SettingsPage;
			sourceTree = "<group>";
		};
		FA68AF142A135F6F00B69D4A = {
			isa = PBXGroup;
			children = (
				FA68AF1F2A135F6F00B69D4A /* DietApp */,
				FA68AF362A135F7200B69D4A /* DietAppTests */,
				FA68AF402A135F7200B69D4A /* DietAppUITests */,
				FA68AF1E2A135F6F00B69D4A /* Products */,
				868533CA143429F6F9FD4225 /* Pods */,
				F3D814E1477CE54DE2C33AEB /* Frameworks */,
			);
			sourceTree = "<group>";
		};
		FA68AF1E2A135F6F00B69D4A /* Products */ = {
			isa = PBXGroup;
			children = (
				FA68AF1D2A135F6F00B69D4A /* DietApp.app */,
				FA68AF332A135F7200B69D4A /* DietAppTests.xctest */,
				FA68AF3D2A135F7200B69D4A /* DietAppUITests.xctest */,
			);
			name = Products;
			sourceTree = "<group>";
		};
		FA68AF1F2A135F6F00B69D4A /* DietApp */ = {
			isa = PBXGroup;
			children = (
				FA68AF202A135F6F00B69D4A /* AppDelegate.swift */,
				FA68AF222A135F6F00B69D4A /* SceneDelegate.swift */,
				FA41A2F52A1C8834008DC83E /* Model */,
				FA41A2FA2A1C88D5008DC83E /* View */,
				FA41A2F92A1C88B0008DC83E /* Controller */,
				FA68AF292A135F7100B69D4A /* Assets.xcassets */,
				FA68AF2B2A135F7100B69D4A /* LaunchScreen.storyboard */,
				FA68AF2E2A135F7100B69D4A /* Info.plist */,
			);
			path = DietApp;
			sourceTree = "<group>";
		};
		FA68AF362A135F7200B69D4A /* DietAppTests */ = {
			isa = PBXGroup;
			children = (
				FA68AF372A135F7200B69D4A /* DietAppTests.swift */,
			);
			path = DietAppTests;
			sourceTree = "<group>";
		};
		FA68AF402A135F7200B69D4A /* DietAppUITests */ = {
			isa = PBXGroup;
			children = (
				FA68AF412A135F7200B69D4A /* DietAppUITests.swift */,
				FA68AF432A135F7200B69D4A /* DietAppUITestsLaunchTests.swift */,
			);
			path = DietAppUITests;
			sourceTree = "<group>";
		};
		FABF36042A283BCC007D91DB /* GraphPage */ = {
			isa = PBXGroup;
			children = (
				FABF36072A283CD0007D91DB /* GraphView.swift */,
				FABF36092A283CFF007D91DB /* GraphView.xib */,
			);
			path = GraphPage;
			sourceTree = "<group>";
		};
		FAFF6F562A2071C70092A1A3 /* TopPage */ = {
			isa = PBXGroup;
			children = (
				FAFF6F522A2055430092A1A3 /* TopView.swift */,
				FAFF6F542A2055590092A1A3 /* TopView.xib */,
				FAFF6F5B2A21C5D00092A1A3 /* Cell */,
			);
			path = TopPage;
			sourceTree = "<group>";
		};
		FAFF6F5B2A21C5D00092A1A3 /* Cell */ = {
			isa = PBXGroup;
			children = (
				FAFF6F572A21ACE40092A1A3 /* WeightTableViewCell.swift */,
				FAFF6F582A21ACE40092A1A3 /* WeightTableViewCell.xib */,
				FAFF6F5E2A21C60F0092A1A3 /* MemoTableViewCell.swift */,
				FAFF6F5F2A21C60F0092A1A3 /* MemoTableViewCell.xib */,
				FA11879C2A22D2A5004577F8 /* PhotoTableViewCell.swift */,
				FA11879D2A22D2A5004577F8 /* PhotoTableViewCell.xib */,
				FA1187A02A22F652004577F8 /* AdTableViewCell.swift */,
				FA1187A12A22F652004577F8 /* AdTableViewCell.xib */,
			);
			path = Cell;
			sourceTree = "<group>";
		};
/* End PBXGroup section */

/* Begin PBXNativeTarget section */
		FA68AF1C2A135F6F00B69D4A /* DietApp */ = {
			isa = PBXNativeTarget;
			buildConfigurationList = FA68AF472A135F7200B69D4A /* Build configuration list for PBXNativeTarget "DietApp" */;
			buildPhases = (
				3CB125F4486B3EE6A6F352C5 /* [CP] Check Pods Manifest.lock */,
				FA68AF192A135F6F00B69D4A /* Sources */,
				FA68AF1A2A135F6F00B69D4A /* Frameworks */,
				FA68AF1B2A135F6F00B69D4A /* Resources */,
				0A46366441B34F505A37F778 /* [CP] Embed Pods Frameworks */,
			);
			buildRules = (
			);
			dependencies = (
			);
			name = DietApp;
			productName = DietApp;
			productReference = FA68AF1D2A135F6F00B69D4A /* DietApp.app */;
			productType = "com.apple.product-type.application";
		};
		FA68AF322A135F7200B69D4A /* DietAppTests */ = {
			isa = PBXNativeTarget;
			buildConfigurationList = FA68AF4A2A135F7200B69D4A /* Build configuration list for PBXNativeTarget "DietAppTests" */;
			buildPhases = (
				D935798F3952FE84913A3DB6 /* [CP] Check Pods Manifest.lock */,
				FA68AF2F2A135F7200B69D4A /* Sources */,
				FA68AF302A135F7200B69D4A /* Frameworks */,
				FA68AF312A135F7200B69D4A /* Resources */,
			);
			buildRules = (
			);
			dependencies = (
				FA68AF352A135F7200B69D4A /* PBXTargetDependency */,
			);
			name = DietAppTests;
			productName = DietAppTests;
			productReference = FA68AF332A135F7200B69D4A /* DietAppTests.xctest */;
			productType = "com.apple.product-type.bundle.unit-test";
		};
		FA68AF3C2A135F7200B69D4A /* DietAppUITests */ = {
			isa = PBXNativeTarget;
			buildConfigurationList = FA68AF4D2A135F7200B69D4A /* Build configuration list for PBXNativeTarget "DietAppUITests" */;
			buildPhases = (
				B13EA18E9791D9143A94EFEA /* [CP] Check Pods Manifest.lock */,
				FA68AF392A135F7200B69D4A /* Sources */,
				FA68AF3A2A135F7200B69D4A /* Frameworks */,
				FA68AF3B2A135F7200B69D4A /* Resources */,
				26A724B990D7C6EC5AA84D28 /* [CP] Embed Pods Frameworks */,
			);
			buildRules = (
			);
			dependencies = (
				FA68AF3F2A135F7200B69D4A /* PBXTargetDependency */,
			);
			name = DietAppUITests;
			productName = DietAppUITests;
			productReference = FA68AF3D2A135F7200B69D4A /* DietAppUITests.xctest */;
			productType = "com.apple.product-type.bundle.ui-testing";
		};
/* End PBXNativeTarget section */

/* Begin PBXProject section */
		FA68AF152A135F6F00B69D4A /* Project object */ = {
			isa = PBXProject;
			attributes = {
				BuildIndependentTargetsInParallel = 1;
				LastSwiftUpdateCheck = 1340;
				LastUpgradeCheck = 1340;
				TargetAttributes = {
					FA68AF1C2A135F6F00B69D4A = {
						CreatedOnToolsVersion = 13.4.1;
					};
					FA68AF322A135F7200B69D4A = {
						CreatedOnToolsVersion = 13.4.1;
						TestTargetID = FA68AF1C2A135F6F00B69D4A;
					};
					FA68AF3C2A135F7200B69D4A = {
						CreatedOnToolsVersion = 13.4.1;
						TestTargetID = FA68AF1C2A135F6F00B69D4A;
					};
				};
			};
			buildConfigurationList = FA68AF182A135F6F00B69D4A /* Build configuration list for PBXProject "DietApp" */;
			compatibilityVersion = "Xcode 13.0";
			developmentRegion = en;
			hasScannedForEncodings = 0;
			knownRegions = (
				en,
				Base,
			);
			mainGroup = FA68AF142A135F6F00B69D4A;
			productRefGroup = FA68AF1E2A135F6F00B69D4A /* Products */;
			projectDirPath = "";
			projectRoot = "";
			targets = (
				FA68AF1C2A135F6F00B69D4A /* DietApp */,
				FA68AF322A135F7200B69D4A /* DietAppTests */,
				FA68AF3C2A135F7200B69D4A /* DietAppUITests */,
			);
		};
/* End PBXProject section */

/* Begin PBXResourcesBuildPhase section */
		FA68AF1B2A135F6F00B69D4A /* Resources */ = {
			isa = PBXResourcesBuildPhase;
			buildActionMask = 2147483647;
			files = (
				FAFF6F5A2A21ACE40092A1A3 /* WeightTableViewCell.xib in Resources */,
				FA32F4C92A32C0900058FD32 /* ThemeColorTableViewCell.xib in Resources */,
				FA32F4B62A32BCF50058FD32 /* SettingsView.xib in Resources */,
				FA68AF2D2A135F7100B69D4A /* LaunchScreen.storyboard in Resources */,
				FA68AF2A2A135F7100B69D4A /* Assets.xcassets in Resources */,
				FAFF6F612A21C60F0092A1A3 /* MemoTableViewCell.xib in Resources */,
				FABF360A2A283CFF007D91DB /* GraphView.xib in Resources */,
				FA1187A32A22F652004577F8 /* AdTableViewCell.xib in Resources */,
				FA32F4C52A32BFCF0058FD32 /* NotificationTableViewCell.xib in Resources */,
				FA68AF282A135F6F00B69D4A /* Main.storyboard in Resources */,
				FAFF6F552A2055590092A1A3 /* TopView.xib in Resources */,
				FA11879F2A22D2A5004577F8 /* PhotoTableViewCell.xib in Resources */,
			);
			runOnlyForDeploymentPostprocessing = 0;
		};
		FA68AF312A135F7200B69D4A /* Resources */ = {
			isa = PBXResourcesBuildPhase;
			buildActionMask = 2147483647;
			files = (
			);
			runOnlyForDeploymentPostprocessing = 0;
		};
		FA68AF3B2A135F7200B69D4A /* Resources */ = {
			isa = PBXResourcesBuildPhase;
			buildActionMask = 2147483647;
			files = (
			);
			runOnlyForDeploymentPostprocessing = 0;
		};
/* End PBXResourcesBuildPhase section */

/* Begin PBXShellScriptBuildPhase section */
		0A46366441B34F505A37F778 /* [CP] Embed Pods Frameworks */ = {
			isa = PBXShellScriptBuildPhase;
			buildActionMask = 2147483647;
			files = (
			);
			inputFileListPaths = (
				"${PODS_ROOT}/Target Support Files/Pods-DietApp/Pods-DietApp-frameworks-${CONFIGURATION}-input-files.xcfilelist",
			);
			name = "[CP] Embed Pods Frameworks";
			outputFileListPaths = (
				"${PODS_ROOT}/Target Support Files/Pods-DietApp/Pods-DietApp-frameworks-${CONFIGURATION}-output-files.xcfilelist",
			);
			runOnlyForDeploymentPostprocessing = 0;
			shellPath = /bin/sh;
			shellScript = "\"${PODS_ROOT}/Target Support Files/Pods-DietApp/Pods-DietApp-frameworks.sh\"\n";
			showEnvVarsInLog = 0;
		};
		26A724B990D7C6EC5AA84D28 /* [CP] Embed Pods Frameworks */ = {
			isa = PBXShellScriptBuildPhase;
			buildActionMask = 2147483647;
			files = (
			);
			inputFileListPaths = (
				"${PODS_ROOT}/Target Support Files/Pods-DietApp-DietAppUITests/Pods-DietApp-DietAppUITests-frameworks-${CONFIGURATION}-input-files.xcfilelist",
			);
			name = "[CP] Embed Pods Frameworks";
			outputFileListPaths = (
				"${PODS_ROOT}/Target Support Files/Pods-DietApp-DietAppUITests/Pods-DietApp-DietAppUITests-frameworks-${CONFIGURATION}-output-files.xcfilelist",
			);
			runOnlyForDeploymentPostprocessing = 0;
			shellPath = /bin/sh;
			shellScript = "\"${PODS_ROOT}/Target Support Files/Pods-DietApp-DietAppUITests/Pods-DietApp-DietAppUITests-frameworks.sh\"\n";
			showEnvVarsInLog = 0;
		};
		3CB125F4486B3EE6A6F352C5 /* [CP] Check Pods Manifest.lock */ = {
			isa = PBXShellScriptBuildPhase;
			buildActionMask = 2147483647;
			files = (
			);
			inputFileListPaths = (
			);
			inputPaths = (
				"${PODS_PODFILE_DIR_PATH}/Podfile.lock",
				"${PODS_ROOT}/Manifest.lock",
			);
			name = "[CP] Check Pods Manifest.lock";
			outputFileListPaths = (
			);
			outputPaths = (
				"$(DERIVED_FILE_DIR)/Pods-DietApp-checkManifestLockResult.txt",
			);
			runOnlyForDeploymentPostprocessing = 0;
			shellPath = /bin/sh;
			shellScript = "diff \"${PODS_PODFILE_DIR_PATH}/Podfile.lock\" \"${PODS_ROOT}/Manifest.lock\" > /dev/null\nif [ $? != 0 ] ; then\n    # print error to STDERR\n    echo \"error: The sandbox is not in sync with the Podfile.lock. Run 'pod install' or update your CocoaPods installation.\" >&2\n    exit 1\nfi\n# This output is used by Xcode 'outputs' to avoid re-running this script phase.\necho \"SUCCESS\" > \"${SCRIPT_OUTPUT_FILE_0}\"\n";
			showEnvVarsInLog = 0;
		};
		B13EA18E9791D9143A94EFEA /* [CP] Check Pods Manifest.lock */ = {
			isa = PBXShellScriptBuildPhase;
			buildActionMask = 2147483647;
			files = (
			);
			inputFileListPaths = (
			);
			inputPaths = (
				"${PODS_PODFILE_DIR_PATH}/Podfile.lock",
				"${PODS_ROOT}/Manifest.lock",
			);
			name = "[CP] Check Pods Manifest.lock";
			outputFileListPaths = (
			);
			outputPaths = (
				"$(DERIVED_FILE_DIR)/Pods-DietApp-DietAppUITests-checkManifestLockResult.txt",
			);
			runOnlyForDeploymentPostprocessing = 0;
			shellPath = /bin/sh;
			shellScript = "diff \"${PODS_PODFILE_DIR_PATH}/Podfile.lock\" \"${PODS_ROOT}/Manifest.lock\" > /dev/null\nif [ $? != 0 ] ; then\n    # print error to STDERR\n    echo \"error: The sandbox is not in sync with the Podfile.lock. Run 'pod install' or update your CocoaPods installation.\" >&2\n    exit 1\nfi\n# This output is used by Xcode 'outputs' to avoid re-running this script phase.\necho \"SUCCESS\" > \"${SCRIPT_OUTPUT_FILE_0}\"\n";
			showEnvVarsInLog = 0;
		};
		D935798F3952FE84913A3DB6 /* [CP] Check Pods Manifest.lock */ = {
			isa = PBXShellScriptBuildPhase;
			buildActionMask = 2147483647;
			files = (
			);
			inputFileListPaths = (
			);
			inputPaths = (
				"${PODS_PODFILE_DIR_PATH}/Podfile.lock",
				"${PODS_ROOT}/Manifest.lock",
			);
			name = "[CP] Check Pods Manifest.lock";
			outputFileListPaths = (
			);
			outputPaths = (
				"$(DERIVED_FILE_DIR)/Pods-DietAppTests-checkManifestLockResult.txt",
			);
			runOnlyForDeploymentPostprocessing = 0;
			shellPath = /bin/sh;
			shellScript = "diff \"${PODS_PODFILE_DIR_PATH}/Podfile.lock\" \"${PODS_ROOT}/Manifest.lock\" > /dev/null\nif [ $? != 0 ] ; then\n    # print error to STDERR\n    echo \"error: The sandbox is not in sync with the Podfile.lock. Run 'pod install' or update your CocoaPods installation.\" >&2\n    exit 1\nfi\n# This output is used by Xcode 'outputs' to avoid re-running this script phase.\necho \"SUCCESS\" > \"${SCRIPT_OUTPUT_FILE_0}\"\n";
			showEnvVarsInLog = 0;
		};
/* End PBXShellScriptBuildPhase section */

/* Begin PBXSourcesBuildPhase section */
		FA68AF192A135F6F00B69D4A /* Sources */ = {
			isa = PBXSourcesBuildPhase;
			buildActionMask = 2147483647;
			files = (
				FA32F4C42A32BFCF0058FD32 /* NotificationTableViewCell.swift in Sources */,
				FA1187A22A22F652004577F8 /* AdTableViewCell.swift in Sources */,
				FA41A2EC2A1C84CE008DC83E /* TopViewController.swift in Sources */,
				FA32F4C82A32C0900058FD32 /* ThemeColorTableViewCell.swift in Sources */,
				FA3142702A41671900254D60 /* TopNavigationController.swift in Sources */,
				FA3142742A4194F300254D60 /* GraphNavigationController.swift in Sources */,
				FA41A2EE2A1C8531008DC83E /* TopPageViewController.swift in Sources */,
				FA11122C2A5923F6007353EA /* IndexSetting.swift in Sources */,
				FAFF6F592A21ACE40092A1A3 /* WeightTableViewCell.swift in Sources */,
				FA41A2F42A1C877E008DC83E /* SettingsViewController.swift in Sources */,
				FA3142722A418E9B00254D60 /* NavigationController+Orientation.swift in Sources */,
				FA68AF212A135F6F00B69D4A /* AppDelegate.swift in Sources */,
				FA0F9ED12A3016D100C7E888 /* UITabBarController+Orientation.swift in Sources */,
				FABF36082A283CD0007D91DB /* GraphView.swift in Sources */,
				FAFF6F602A21C60F0092A1A3 /* MemoTableViewCell.swift in Sources */,
				FA32F4B82A32BD130058FD32 /* SettingsView.swift in Sources */,
				FAF1BB0F2A4D92FA00EFD25F /* DateData.swift in Sources */,
				FA0F9ECF2A2F0DEC00C7E888 /* GraphPageViewController.swift in Sources */,
				FA41A2F22A1C8734008DC83E /* GraphViewController.swift in Sources */,
				FA41A2F02A1C861E008DC83E /* TabBarController.swift in Sources */,
				FA68AF232A135F6F00B69D4A /* SceneDelegate.swift in Sources */,
				FAFF6F532A2055430092A1A3 /* TopView.swift in Sources */,
				FA11879E2A22D2A5004577F8 /* PhotoTableViewCell.swift in Sources */,
				FA11122E2A592745007353EA /* Direction.swift in Sources */,
				FA417BC02A5C428E00B53A0F /* DateDataRealmSearcher.swift in Sources */,
			);
			runOnlyForDeploymentPostprocessing = 0;
		};
		FA68AF2F2A135F7200B69D4A /* Sources */ = {
			isa = PBXSourcesBuildPhase;
			buildActionMask = 2147483647;
			files = (
				FA68AF382A135F7200B69D4A /* DietAppTests.swift in Sources */,
			);
			runOnlyForDeploymentPostprocessing = 0;
		};
		FA68AF392A135F7200B69D4A /* Sources */ = {
			isa = PBXSourcesBuildPhase;
			buildActionMask = 2147483647;
			files = (
				FA68AF442A135F7200B69D4A /* DietAppUITestsLaunchTests.swift in Sources */,
				FA68AF422A135F7200B69D4A /* DietAppUITests.swift in Sources */,
			);
			runOnlyForDeploymentPostprocessing = 0;
		};
/* End PBXSourcesBuildPhase section */

/* Begin PBXTargetDependency section */
		FA68AF352A135F7200B69D4A /* PBXTargetDependency */ = {
			isa = PBXTargetDependency;
			target = FA68AF1C2A135F6F00B69D4A /* DietApp */;
			targetProxy = FA68AF342A135F7200B69D4A /* PBXContainerItemProxy */;
		};
		FA68AF3F2A135F7200B69D4A /* PBXTargetDependency */ = {
			isa = PBXTargetDependency;
			target = FA68AF1C2A135F6F00B69D4A /* DietApp */;
			targetProxy = FA68AF3E2A135F7200B69D4A /* PBXContainerItemProxy */;
		};
/* End PBXTargetDependency section */

/* Begin PBXVariantGroup section */
		FA68AF262A135F6F00B69D4A /* Main.storyboard */ = {
			isa = PBXVariantGroup;
			children = (
				FA68AF272A135F6F00B69D4A /* Base */,
			);
			name = Main.storyboard;
			sourceTree = "<group>";
		};
		FA68AF2B2A135F7100B69D4A /* LaunchScreen.storyboard */ = {
			isa = PBXVariantGroup;
			children = (
				FA68AF2C2A135F7100B69D4A /* Base */,
			);
			name = LaunchScreen.storyboard;
			sourceTree = "<group>";
		};
/* End PBXVariantGroup section */

/* Begin XCBuildConfiguration section */
		FA68AF452A135F7200B69D4A /* Debug */ = {
			isa = XCBuildConfiguration;
			buildSettings = {
				ALWAYS_SEARCH_USER_PATHS = NO;
				CLANG_ANALYZER_NONNULL = YES;
				CLANG_ANALYZER_NUMBER_OBJECT_CONVERSION = YES_AGGRESSIVE;
				CLANG_CXX_LANGUAGE_STANDARD = "gnu++17";
				CLANG_ENABLE_MODULES = YES;
				CLANG_ENABLE_OBJC_ARC = YES;
				CLANG_ENABLE_OBJC_WEAK = YES;
				CLANG_WARN_BLOCK_CAPTURE_AUTORELEASING = YES;
				CLANG_WARN_BOOL_CONVERSION = YES;
				CLANG_WARN_COMMA = YES;
				CLANG_WARN_CONSTANT_CONVERSION = YES;
				CLANG_WARN_DEPRECATED_OBJC_IMPLEMENTATIONS = YES;
				CLANG_WARN_DIRECT_OBJC_ISA_USAGE = YES_ERROR;
				CLANG_WARN_DOCUMENTATION_COMMENTS = YES;
				CLANG_WARN_EMPTY_BODY = YES;
				CLANG_WARN_ENUM_CONVERSION = YES;
				CLANG_WARN_INFINITE_RECURSION = YES;
				CLANG_WARN_INT_CONVERSION = YES;
				CLANG_WARN_NON_LITERAL_NULL_CONVERSION = YES;
				CLANG_WARN_OBJC_IMPLICIT_RETAIN_SELF = YES;
				CLANG_WARN_OBJC_LITERAL_CONVERSION = YES;
				CLANG_WARN_OBJC_ROOT_CLASS = YES_ERROR;
				CLANG_WARN_QUOTED_INCLUDE_IN_FRAMEWORK_HEADER = YES;
				CLANG_WARN_RANGE_LOOP_ANALYSIS = YES;
				CLANG_WARN_STRICT_PROTOTYPES = YES;
				CLANG_WARN_SUSPICIOUS_MOVE = YES;
				CLANG_WARN_UNGUARDED_AVAILABILITY = YES_AGGRESSIVE;
				CLANG_WARN_UNREACHABLE_CODE = YES;
				CLANG_WARN__DUPLICATE_METHOD_MATCH = YES;
				COPY_PHASE_STRIP = NO;
				DEBUG_INFORMATION_FORMAT = dwarf;
				ENABLE_STRICT_OBJC_MSGSEND = YES;
				ENABLE_TESTABILITY = YES;
				GCC_C_LANGUAGE_STANDARD = gnu11;
				GCC_DYNAMIC_NO_PIC = NO;
				GCC_NO_COMMON_BLOCKS = YES;
				GCC_OPTIMIZATION_LEVEL = 0;
				GCC_PREPROCESSOR_DEFINITIONS = (
					"DEBUG=1",
					"$(inherited)",
				);
				GCC_WARN_64_TO_32_BIT_CONVERSION = YES;
				GCC_WARN_ABOUT_RETURN_TYPE = YES_ERROR;
				GCC_WARN_UNDECLARED_SELECTOR = YES;
				GCC_WARN_UNINITIALIZED_AUTOS = YES_AGGRESSIVE;
				GCC_WARN_UNUSED_FUNCTION = YES;
				GCC_WARN_UNUSED_VARIABLE = YES;
				IPHONEOS_DEPLOYMENT_TARGET = 15.5;
				MTL_ENABLE_DEBUG_INFO = INCLUDE_SOURCE;
				MTL_FAST_MATH = YES;
				ONLY_ACTIVE_ARCH = YES;
				SDKROOT = iphoneos;
				SWIFT_ACTIVE_COMPILATION_CONDITIONS = DEBUG;
				SWIFT_OPTIMIZATION_LEVEL = "-Onone";
			};
			name = Debug;
		};
		FA68AF462A135F7200B69D4A /* Release */ = {
			isa = XCBuildConfiguration;
			buildSettings = {
				ALWAYS_SEARCH_USER_PATHS = NO;
				CLANG_ANALYZER_NONNULL = YES;
				CLANG_ANALYZER_NUMBER_OBJECT_CONVERSION = YES_AGGRESSIVE;
				CLANG_CXX_LANGUAGE_STANDARD = "gnu++17";
				CLANG_ENABLE_MODULES = YES;
				CLANG_ENABLE_OBJC_ARC = YES;
				CLANG_ENABLE_OBJC_WEAK = YES;
				CLANG_WARN_BLOCK_CAPTURE_AUTORELEASING = YES;
				CLANG_WARN_BOOL_CONVERSION = YES;
				CLANG_WARN_COMMA = YES;
				CLANG_WARN_CONSTANT_CONVERSION = YES;
				CLANG_WARN_DEPRECATED_OBJC_IMPLEMENTATIONS = YES;
				CLANG_WARN_DIRECT_OBJC_ISA_USAGE = YES_ERROR;
				CLANG_WARN_DOCUMENTATION_COMMENTS = YES;
				CLANG_WARN_EMPTY_BODY = YES;
				CLANG_WARN_ENUM_CONVERSION = YES;
				CLANG_WARN_INFINITE_RECURSION = YES;
				CLANG_WARN_INT_CONVERSION = YES;
				CLANG_WARN_NON_LITERAL_NULL_CONVERSION = YES;
				CLANG_WARN_OBJC_IMPLICIT_RETAIN_SELF = YES;
				CLANG_WARN_OBJC_LITERAL_CONVERSION = YES;
				CLANG_WARN_OBJC_ROOT_CLASS = YES_ERROR;
				CLANG_WARN_QUOTED_INCLUDE_IN_FRAMEWORK_HEADER = YES;
				CLANG_WARN_RANGE_LOOP_ANALYSIS = YES;
				CLANG_WARN_STRICT_PROTOTYPES = YES;
				CLANG_WARN_SUSPICIOUS_MOVE = YES;
				CLANG_WARN_UNGUARDED_AVAILABILITY = YES_AGGRESSIVE;
				CLANG_WARN_UNREACHABLE_CODE = YES;
				CLANG_WARN__DUPLICATE_METHOD_MATCH = YES;
				COPY_PHASE_STRIP = NO;
				DEBUG_INFORMATION_FORMAT = "dwarf-with-dsym";
				ENABLE_NS_ASSERTIONS = NO;
				ENABLE_STRICT_OBJC_MSGSEND = YES;
				GCC_C_LANGUAGE_STANDARD = gnu11;
				GCC_NO_COMMON_BLOCKS = YES;
				GCC_WARN_64_TO_32_BIT_CONVERSION = YES;
				GCC_WARN_ABOUT_RETURN_TYPE = YES_ERROR;
				GCC_WARN_UNDECLARED_SELECTOR = YES;
				GCC_WARN_UNINITIALIZED_AUTOS = YES_AGGRESSIVE;
				GCC_WARN_UNUSED_FUNCTION = YES;
				GCC_WARN_UNUSED_VARIABLE = YES;
				IPHONEOS_DEPLOYMENT_TARGET = 15.5;
				MTL_ENABLE_DEBUG_INFO = NO;
				MTL_FAST_MATH = YES;
				SDKROOT = iphoneos;
				SWIFT_COMPILATION_MODE = wholemodule;
				SWIFT_OPTIMIZATION_LEVEL = "-O";
				VALIDATE_PRODUCT = YES;
			};
			name = Release;
		};
		FA68AF482A135F7200B69D4A /* Debug */ = {
			isa = XCBuildConfiguration;
			baseConfigurationReference = 6E7BA4B15714D2DB7738BAF0 /* Pods-DietApp.debug.xcconfig */;
			buildSettings = {
				ASSETCATALOG_COMPILER_APPICON_NAME = AppIcon;
				ASSETCATALOG_COMPILER_GLOBAL_ACCENT_COLOR_NAME = AccentColor;
				CODE_SIGN_STYLE = Automatic;
				CURRENT_PROJECT_VERSION = 1;
				DEVELOPMENT_TEAM = N373UCP9BA;
				GENERATE_INFOPLIST_FILE = YES;
				INFOPLIST_FILE = DietApp/Info.plist;
				INFOPLIST_KEY_UIApplicationSupportsIndirectInputEvents = YES;
				INFOPLIST_KEY_UILaunchStoryboardName = LaunchScreen;
				INFOPLIST_KEY_UIMainStoryboardFile = Main;
				INFOPLIST_KEY_UISupportedInterfaceOrientations = "UIInterfaceOrientationPortrait UIInterfaceOrientationLandscapeLeft UIInterfaceOrientationLandscapeRight";
				INFOPLIST_KEY_UISupportedInterfaceOrientations_iPad = "UIInterfaceOrientationPortrait UIInterfaceOrientationPortraitUpsideDown UIInterfaceOrientationLandscapeLeft UIInterfaceOrientationLandscapeRight";
				INFOPLIST_KEY_UISupportedInterfaceOrientations_iPhone = "UIInterfaceOrientationPortrait UIInterfaceOrientationLandscapeLeft UIInterfaceOrientationLandscapeRight";
				LD_RUNPATH_SEARCH_PATHS = (
					"$(inherited)",
					"@executable_path/Frameworks",
				);
				MARKETING_VERSION = 1.0;
				PRODUCT_BUNDLE_IDENTIFIER = com.gmail.mkogori01.DietApp;
				PRODUCT_NAME = "$(TARGET_NAME)";
				SWIFT_EMIT_LOC_STRINGS = YES;
				SWIFT_VERSION = 5.0;
				TARGETED_DEVICE_FAMILY = "1,2";
			};
			name = Debug;
		};
		FA68AF492A135F7200B69D4A /* Release */ = {
			isa = XCBuildConfiguration;
			baseConfigurationReference = A759D72DBDA9A76E25A5949B /* Pods-DietApp.release.xcconfig */;
			buildSettings = {
				ASSETCATALOG_COMPILER_APPICON_NAME = AppIcon;
				ASSETCATALOG_COMPILER_GLOBAL_ACCENT_COLOR_NAME = AccentColor;
				CODE_SIGN_STYLE = Automatic;
				CURRENT_PROJECT_VERSION = 1;
				DEVELOPMENT_TEAM = N373UCP9BA;
				GENERATE_INFOPLIST_FILE = YES;
				INFOPLIST_FILE = DietApp/Info.plist;
				INFOPLIST_KEY_UIApplicationSupportsIndirectInputEvents = YES;
				INFOPLIST_KEY_UILaunchStoryboardName = LaunchScreen;
				INFOPLIST_KEY_UIMainStoryboardFile = Main;
				INFOPLIST_KEY_UISupportedInterfaceOrientations = "UIInterfaceOrientationPortrait UIInterfaceOrientationLandscapeLeft UIInterfaceOrientationLandscapeRight";
				INFOPLIST_KEY_UISupportedInterfaceOrientations_iPad = "UIInterfaceOrientationPortrait UIInterfaceOrientationPortraitUpsideDown UIInterfaceOrientationLandscapeLeft UIInterfaceOrientationLandscapeRight";
				INFOPLIST_KEY_UISupportedInterfaceOrientations_iPhone = "UIInterfaceOrientationPortrait UIInterfaceOrientationLandscapeLeft UIInterfaceOrientationLandscapeRight";
				LD_RUNPATH_SEARCH_PATHS = (
					"$(inherited)",
					"@executable_path/Frameworks",
				);
				MARKETING_VERSION = 1.0;
				PRODUCT_BUNDLE_IDENTIFIER = com.gmail.mkogori01.DietApp;
				PRODUCT_NAME = "$(TARGET_NAME)";
				SWIFT_EMIT_LOC_STRINGS = YES;
				SWIFT_VERSION = 5.0;
				TARGETED_DEVICE_FAMILY = "1,2";
			};
			name = Release;
		};
		FA68AF4B2A135F7200B69D4A /* Debug */ = {
			isa = XCBuildConfiguration;
			baseConfigurationReference = F33E63A5ACE3D0B165D13D9B /* Pods-DietAppTests.debug.xcconfig */;
			buildSettings = {
				ALWAYS_EMBED_SWIFT_STANDARD_LIBRARIES = YES;
				BUNDLE_LOADER = "$(TEST_HOST)";
				CODE_SIGN_STYLE = Automatic;
				CURRENT_PROJECT_VERSION = 1;
				GENERATE_INFOPLIST_FILE = YES;
				IPHONEOS_DEPLOYMENT_TARGET = 15.5;
				MARKETING_VERSION = 1.0;
				PRODUCT_BUNDLE_IDENTIFIER = com.gmail.mkogori01.DietAppTests;
				PRODUCT_NAME = "$(TARGET_NAME)";
				SWIFT_EMIT_LOC_STRINGS = NO;
				SWIFT_VERSION = 5.0;
				TARGETED_DEVICE_FAMILY = "1,2";
				TEST_HOST = "$(BUILT_PRODUCTS_DIR)/DietApp.app/DietApp";
			};
			name = Debug;
		};
		FA68AF4C2A135F7200B69D4A /* Release */ = {
			isa = XCBuildConfiguration;
			baseConfigurationReference = DB772DAE10CFF85B21588E86 /* Pods-DietAppTests.release.xcconfig */;
			buildSettings = {
				ALWAYS_EMBED_SWIFT_STANDARD_LIBRARIES = YES;
				BUNDLE_LOADER = "$(TEST_HOST)";
				CODE_SIGN_STYLE = Automatic;
				CURRENT_PROJECT_VERSION = 1;
				GENERATE_INFOPLIST_FILE = YES;
				IPHONEOS_DEPLOYMENT_TARGET = 15.5;
				MARKETING_VERSION = 1.0;
				PRODUCT_BUNDLE_IDENTIFIER = com.gmail.mkogori01.DietAppTests;
				PRODUCT_NAME = "$(TARGET_NAME)";
				SWIFT_EMIT_LOC_STRINGS = NO;
				SWIFT_VERSION = 5.0;
				TARGETED_DEVICE_FAMILY = "1,2";
				TEST_HOST = "$(BUILT_PRODUCTS_DIR)/DietApp.app/DietApp";
			};
			name = Release;
		};
		FA68AF4E2A135F7200B69D4A /* Debug */ = {
			isa = XCBuildConfiguration;
			baseConfigurationReference = 9067F444D04BEC6337A2C712 /* Pods-DietApp-DietAppUITests.debug.xcconfig */;
			buildSettings = {
				ALWAYS_EMBED_SWIFT_STANDARD_LIBRARIES = YES;
				CODE_SIGN_STYLE = Automatic;
				CURRENT_PROJECT_VERSION = 1;
				GENERATE_INFOPLIST_FILE = YES;
				MARKETING_VERSION = 1.0;
				PRODUCT_BUNDLE_IDENTIFIER = com.gmail.mkogori01.DietAppUITests;
				PRODUCT_NAME = "$(TARGET_NAME)";
				SWIFT_EMIT_LOC_STRINGS = NO;
				SWIFT_VERSION = 5.0;
				TARGETED_DEVICE_FAMILY = "1,2";
				TEST_TARGET_NAME = DietApp;
			};
			name = Debug;
		};
		FA68AF4F2A135F7200B69D4A /* Release */ = {
			isa = XCBuildConfiguration;
			baseConfigurationReference = 3DB42A13C30DE329C875E251 /* Pods-DietApp-DietAppUITests.release.xcconfig */;
			buildSettings = {
				ALWAYS_EMBED_SWIFT_STANDARD_LIBRARIES = YES;
				CODE_SIGN_STYLE = Automatic;
				CURRENT_PROJECT_VERSION = 1;
				GENERATE_INFOPLIST_FILE = YES;
				MARKETING_VERSION = 1.0;
				PRODUCT_BUNDLE_IDENTIFIER = com.gmail.mkogori01.DietAppUITests;
				PRODUCT_NAME = "$(TARGET_NAME)";
				SWIFT_EMIT_LOC_STRINGS = NO;
				SWIFT_VERSION = 5.0;
				TARGETED_DEVICE_FAMILY = "1,2";
				TEST_TARGET_NAME = DietApp;
			};
			name = Release;
		};
/* End XCBuildConfiguration section */

/* Begin XCConfigurationList section */
		FA68AF182A135F6F00B69D4A /* Build configuration list for PBXProject "DietApp" */ = {
			isa = XCConfigurationList;
			buildConfigurations = (
				FA68AF452A135F7200B69D4A /* Debug */,
				FA68AF462A135F7200B69D4A /* Release */,
			);
			defaultConfigurationIsVisible = 0;
			defaultConfigurationName = Release;
		};
		FA68AF472A135F7200B69D4A /* Build configuration list for PBXNativeTarget "DietApp" */ = {
			isa = XCConfigurationList;
			buildConfigurations = (
				FA68AF482A135F7200B69D4A /* Debug */,
				FA68AF492A135F7200B69D4A /* Release */,
			);
			defaultConfigurationIsVisible = 0;
			defaultConfigurationName = Release;
		};
		FA68AF4A2A135F7200B69D4A /* Build configuration list for PBXNativeTarget "DietAppTests" */ = {
			isa = XCConfigurationList;
			buildConfigurations = (
				FA68AF4B2A135F7200B69D4A /* Debug */,
				FA68AF4C2A135F7200B69D4A /* Release */,
			);
			defaultConfigurationIsVisible = 0;
			defaultConfigurationName = Release;
		};
		FA68AF4D2A135F7200B69D4A /* Build configuration list for PBXNativeTarget "DietAppUITests" */ = {
			isa = XCConfigurationList;
			buildConfigurations = (
				FA68AF4E2A135F7200B69D4A /* Debug */,
				FA68AF4F2A135F7200B69D4A /* Release */,
			);
			defaultConfigurationIsVisible = 0;
			defaultConfigurationName = Release;
		};
/* End XCConfigurationList section */
	};
	rootObject = FA68AF152A135F6F00B69D4A /* Project object */;
}
